PODS:
  - Socket.IO-Client-Swift (12.1.2):
    - Starscream (~> 2.1.1)
  - Starscream (2.1.1)

DEPENDENCIES:
  - Socket.IO-Client-Swift

SPEC CHECKSUMS:
  Socket.IO-Client-Swift: ba3cb1c4bf0a6ca90080406a2c22685c25ad1f60
  Starscream: 142bd8ef24592d985daee9fa48c936070b85b15f

PODFILE CHECKSUM: 8d5bc2eb601913c44034c16d09c3590c6ca72ed9

COCOAPODS: 1.3.1
